github.com/go-chi/chi/v5 v5.3.2 h1:5YQkICvTCSZ25hoRsyJazN0scjzKGiu4VAUc7H1o1nY=
github.com/go-chi/chi/v5 v5.3.2/go.mod h1:R+tYY2hNuVUUjxoPtqUdgBqevM9s9njzkTLutVsOCto=
github.com/mattn/go-sqlite3 v1.14.50 h1:dmdFvo1XG4MPzA4IkAmE9upVz/Nj31uRoM5+jC8hYbY=
github.com/mattn/go-sqlite3 v1.14.50/go.mod h1:6JTjA44L93a0QCyJef5YvlPoKXntQPjzWv5gtm9sB6w=
github.com/monoculum/formam/v3 v3.6.1-0.20221106124510-6a93f49ac1f8 h1:U84aMvgwMFHrzGw/QOy1TNxYdY5k1xIW8sQxzHRS/h8=
github.com/monoculum/formam/v3 v3.6.1-0.20221106124510-6a93f49ac1f8/go.mod h1:kWmkNHidfOgIjrLj2pLt+Yq9qL5MGXSl6mpKY30QV/o=
github.com/sethvargo/go-limiter v1.2.0 h1:XKL1vsaQ2zztVJrnZSzpRWCq/aLQqMllJ/3D/0bt/cw=
github.com/sethvargo/go-limiter v1.2.0/go.mod h1:RC+qY2R7PAK81mBCrZEJlUlKnXSIqqQ8B7G44UgZ/1E=
golang.org/x/crypto v0.55.0 h1:+KWHjbgOaAQ66dh/YlkZKHlz9ZUlq61AFirAR9ntP8M=
golang.org/x/crypto v0.55.0/go.mod h1:uq0V9dE/fzQuJtbnL+2EhWOE63vo164FY8xqEnV9xis=
zgo.at/errors v1.6.0 h1:qPzKcGKMUcf25CvJCwYpXINj5Ad8uM4gIYajeo/v/Ww=
zgo.at/errors v1.6.0/go.mod h1:8rQY+KUGMvXyxJSGhe1HoRv+SN+UPdoi6RH9zmDBKn8=
zgo.at/gadget v1.0.0 h1:aY+h6cRSY1KgjuNWb1fFzT8KWAGllhuYEcf18f1adWw=
zgo.at/gadget v1.0.0/go.mod h1:1x0AKFOjKScVTzJh+V69Ku6hTwvEM56MlnKOtrjMwSo=
zgo.at/guru v1.2.0 h1:qiU8pEiekni+XtzXFUxu/Qep9snC7wxhxNuGcybWyQE=
zgo.at/guru v1.2.0/go.mod h1:eltnfk6QwmM7ic3OLzmGMjEChP2iLuYXERyliREiA00=
zgo.at/isbot v1.1.0 h1:RJwUKVWDDP7QxLsE6QgdsLnoHIvqzm9bXkDERivwSjI=
zgo.at/isbot v1.1.0/go.mod h1:H9/cLQKJ5ONyy7r1n3ZL6HgCAUlLZF4tTxchX+m9zMM=
zgo.at/json v0.0.0-20221020004326-fe4f75bb278e h1:rEyfeeAnUDOYdH9PVHe5EZ8seo1V1UdbIAMmusS1LjQ=
zgo.at/json v0.0.0-20221020004326-fe4f75bb278e/go.mod h1:yvrHxciuKpi1XgJoCIfg/EDybcgkcXvjV2tCVp8O2ks=
zgo.at/zcache/v2 v2.4.2-0.20260601222847-61659fd033bd h1:sLNebI0DtRcKIPPPrrzdX1D5lMpeyiUy1nMhDVqdfNo=
zgo.at/zcache/v2 v2.4.2-0.20260601222847-61659fd033bd/go.mod h1:eOHfwPwVAOf8FKz/iz3Yb35ckMmEK7R7mNyG7bFhz28=
zgo.at/zdb v0.0.0-20260425145215-e580739daf43 h1:jYOTj8yUgmL9s5I1vw0RbwOb+sGXV/eJ2rW9jvLjDhU=
zgo.at/zdb v0.0.0-20260425145215-e580739daf43/go.mod h1:lWKRy+R/LR4K3UTZmrxuk70Z73KSmhqaEitw3+60mQc=
zgo.at/zdb-drivers/go-sqlite3 v0.0.0-20260820212400-f9b1e8796b42 h1:palmOBgeZ1KFWhCbtUd7TTfqvT3j+wmodkrepT7NYwY=
zgo.at/zdb-drivers/go-sqlite3 v0.0.0-20260820212400-f9b1e8796b42/go.mod h1:P9z/pqyTLvDv2UabUTINUz/+6EnzjYP82lhkj0hXAUM=
zgo.at/zhttp v0.0.0-20260423154033-4733969d592d h1:zHWr19C2TrA6Eg5KHaVvHk96VqTT7lNTqbj6FvlskAQ=
zgo.at/zhttp v0.0.0-20260423154033-4733969d592d/go.mod h1:O9Di4xO3pxpyCMxlTkavuS4wdHPAidaNU0Z2qn0c8HA=
zgo.at/zli v0.0.0-20251226224229-7bb9a5cf3265 h1:lF6LBMPq3zp1y84toTcZNkeRHx1ioK3Kz0CLC7GbUjU=
zgo.at/zli v0.0.0-20251226224229-7bb9a5cf3265/go.mod h1:0jjx+AGEkWOOQ0NtzbMnpko+H2G+aTg8mfCKqoc/BuA=
zgo.at/zstd v0.0.0-20260819203842-7567984d0ee9 h1:oaWpzu6FII4jAo/2lxvbAcVFcrJmxmOiGaKYeAikAdw=
zgo.at/zstd v0.0.0-20260819203842-7567984d0ee9/go.mod h1:5vR5jYems3c7xfd8nHny5qMh67gbZwl8IockSF4pDSI=
zgo.at/ztpl v0.0.0-20250628022642-3b2c314e8e05 h1:g+A+rxlz0GrA3nXtLkwjR6i+eUJoczurAQCfKjSeG6k=
zgo.at/ztpl v0.0.0-20250628022642-3b2c314e8e05/go.mod h1:p1QiGvNPY5YJ3DAXzZtgAga+SG+19Ycr+TLzvGo2xZo=
zgo.at/zvalidate v0.0.0-20250622183046-6812c1c79e1a h1:FZp1uH/MXWApT9dQ09x8d2dAnITcyJ9bgbxYVzEjgyU=
zgo.at/zvalidate v0.0.0-20250622183046-6812c1c79e1a/go.mod h1:G57wdSfSAU5yckkFJW81QGmbWQDtli6eIKYC8gqjHsY=
