github.com/antlr4-go/antlr/v4 v4.13.0 h1:lxCg3LAv+EUK6t1i0y1V6/SLeUi0eKEKdhQAlS8TVTI=
github.com/antlr4-go/antlr/v4 v4.13.0/go.mod h1:pfChB/xh/Unjila75QW7+VU4TSnWnnk9UTnmpPaOR2g=
github.com/coreos/go-oidc/v3 v3.21.0 h1:wZo4Q9Pum8dYEj0eMUPrqR+kvuGkeUplbLpNCkBqoWM=
github.com/coreos/go-oidc/v3 v3.21.0/go.mod h1:DYCf24+ncYi+XkIH97GY1+dqoRlbaSI26KVTCI9SrY4=
github.com/go-chi/chi/v5 v5.3.2 h1:5YQkICvTCSZ25hoRsyJazN0scjzKGiu4VAUc7H1o1nY=
github.com/go-chi/chi/v5 v5.3.2/go.mod h1:R+tYY2hNuVUUjxoPtqUdgBqevM9s9njzkTLutVsOCto=
github.com/go-jose/go-jose/v4 v4.1.4 h1:moDMcTHmvE6Groj34emNPLs/qtYXRVcd6S7NHbHz3kA=
github.com/go-jose/go-jose/v4 v4.1.4/go.mod h1:x4oUasVrzR7071A4TnHLGSPpNOm2a21K9Kf04k1rs08=
github.com/google/go-cmp v0.5.9 h1:O2Tfq5qg4qc4AmwVlvv0oLiVAGB7enBSJ2x2DqQFi38=
github.com/google/go-cmp v0.5.9/go.mod h1:17dUlkBOakJ0+DkrSSNjCkIjxS6bF9zb3elmeNGIjoY=
github.com/libsql/sqlite-antlr4-parser v0.0.0-20240327125255-dbf53b6cbf06 h1:JLvn7D+wXjH9g4Jsjo+VqmzTUpl/LX7vfr6VOfSWTdM=
github.com/libsql/sqlite-antlr4-parser v0.0.0-20240327125255-dbf53b6cbf06/go.mod h1:FUkZ5OHjlGPjnM2UyGJz9TypXQFgYqw6AFNO1UiROTM=
github.com/monoculum/formam/v3 v3.6.1-0.20221106124510-6a93f49ac1f8 h1:U84aMvgwMFHrzGw/QOy1TNxYdY5k1xIW8sQxzHRS/h8=
github.com/monoculum/formam/v3 v3.6.1-0.20221106124510-6a93f49ac1f8/go.mod h1:kWmkNHidfOgIjrLj2pLt+Yq9qL5MGXSl6mpKY30QV/o=
github.com/pkg/errors v0.9.1 h1:FEBLx1zS214owpjy7qsBeixbURkuhQAwrK5UwLGTwt4=
github.com/pkg/errors v0.9.1/go.mod h1:bwawxfHBFNV+L2hUp1rHADufV3IMtnDRdf1r5NINEl0=
github.com/sethvargo/go-limiter v1.2.0 h1:XKL1vsaQ2zztVJrnZSzpRWCq/aLQqMllJ/3D/0bt/cw=
github.com/sethvargo/go-limiter v1.2.0/go.mod h1:RC+qY2R7PAK81mBCrZEJlUlKnXSIqqQ8B7G44UgZ/1E=
github.com/tursodatabase/go-libsql v0.0.0-20260424063416-3051e37e6e04 h1:9nlqEMruvXDPynGbZ0RE67kKnkkg3NdnjGccvRABefc=
github.com/tursodatabase/go-libsql v0.0.0-20260424063416-3051e37e6e04/go.mod h1:TjsB2miB8RW2Sse8sdxzVTdeGlx74GloD5zJYUC38d8=
golang.org/x/exp v0.0.0-20230515195305-f3d0a9c9a5cc h1:mCRnTeVUjcrhlRmO0VK8a6k6Rrf6TF9htwo2pJVSjIU=
golang.org/x/exp v0.0.0-20230515195305-f3d0a9c9a5cc/go.mod h1:V1LtkGg67GoY2N1AnLN78QLrzxkLyJw7RJb1gzOOz9w=
golang.org/x/oauth2 v0.37.0 h1:JUlcxA8oAtauLfiH8FX2/FkAWHAdi0QtGCGc+hofE98=
golang.org/x/oauth2 v0.37.0/go.mod h1:IxwZNxUULJmpBFf9K/9NTMSIfZZuvuTy1gGxhigP/58=
golang.org/x/sync v0.6.0 h1:5BMeUDZ7vkXGfEr1x9B4bRcTH4lpkTkpdh0T/J+qjbQ=
golang.org/x/sync v0.6.0/go.mod h1:Czt+wKu1gCyEFDUtn0jG5QVvpJ6rzVqr5aXyt9drQfk=
gotest.tools v2.2.0+incompatible h1:VsBPFP1AI068pPrMxtb/S8Zkgf9xEmTLJjfM+P5UIEo=
gotest.tools v2.2.0+incompatible/go.mod h1:DsYFclhRJ6vuDpmuTbkuFWG+y2sxOXAzmJt81HFBacw=
zgo.at/errors v1.6.0 h1:qPzKcGKMUcf25CvJCwYpXINj5Ad8uM4gIYajeo/v/Ww=
zgo.at/errors v1.6.0/go.mod h1:8rQY+KUGMvXyxJSGhe1HoRv+SN+UPdoi6RH9zmDBKn8=
zgo.at/gadget v1.0.0 h1:aY+h6cRSY1KgjuNWb1fFzT8KWAGllhuYEcf18f1adWw=
zgo.at/gadget v1.0.0/go.mod h1:1x0AKFOjKScVTzJh+V69Ku6hTwvEM56MlnKOtrjMwSo=
zgo.at/guru v1.2.0 h1:qiU8pEiekni+XtzXFUxu/Qep9snC7wxhxNuGcybWyQE=
zgo.at/guru v1.2.0/go.mod h1:eltnfk6QwmM7ic3OLzmGMjEChP2iLuYXERyliREiA00=
zgo.at/isbot v1.1.0 h1:RJwUKVWDDP7QxLsE6QgdsLnoHIvqzm9bXkDERivwSjI=
zgo.at/isbot v1.1.0/go.mod h1:H9/cLQKJ5ONyy7r1n3ZL6HgCAUlLZF4tTxchX+m9zMM=
zgo.at/json v0.0.0-20221020004326-fe4f75bb278e h1:rEyfeeAnUDOYdH9PVHe5EZ8seo1V1UdbIAMmusS1LjQ=
zgo.at/json v0.0.0-20221020004326-fe4f75bb278e/go.mod h1:yvrHxciuKpi1XgJoCIfg/EDybcgkcXvjV2tCVp8O2ks=
zgo.at/zcache/v2 v2.4.2-0.20260601222847-61659fd033bd h1:sLNebI0DtRcKIPPPrrzdX1D5lMpeyiUy1nMhDVqdfNo=
zgo.at/zcache/v2 v2.4.2-0.20260601222847-61659fd033bd/go.mod h1:eOHfwPwVAOf8FKz/iz3Yb35ckMmEK7R7mNyG7bFhz28=
zgo.at/zdb v0.0.0-20260425145215-e580739daf43 h1:jYOTj8yUgmL9s5I1vw0RbwOb+sGXV/eJ2rW9jvLjDhU=
zgo.at/zdb v0.0.0-20260425145215-e580739daf43/go.mod h1:lWKRy+R/LR4K3UTZmrxuk70Z73KSmhqaEitw3+60mQc=
zgo.at/zhttp v0.0.0-20260423154033-4733969d592d h1:zHWr19C2TrA6Eg5KHaVvHk96VqTT7lNTqbj6FvlskAQ=
zgo.at/zhttp v0.0.0-20260423154033-4733969d592d/go.mod h1:O9Di4xO3pxpyCMxlTkavuS4wdHPAidaNU0Z2qn0c8HA=
zgo.at/zli v0.0.0-20251226224229-7bb9a5cf3265 h1:lF6LBMPq3zp1y84toTcZNkeRHx1ioK3Kz0CLC7GbUjU=
zgo.at/zli v0.0.0-20251226224229-7bb9a5cf3265/go.mod h1:0jjx+AGEkWOOQ0NtzbMnpko+H2G+aTg8mfCKqoc/BuA=
zgo.at/zstd v0.0.0-20260819203842-7567984d0ee9 h1:oaWpzu6FII4jAo/2lxvbAcVFcrJmxmOiGaKYeAikAdw=
zgo.at/zstd v0.0.0-20260819203842-7567984d0ee9/go.mod h1:5vR5jYems3c7xfd8nHny5qMh67gbZwl8IockSF4pDSI=
zgo.at/ztpl v0.0.0-20250628022642-3b2c314e8e05 h1:g+A+rxlz0GrA3nXtLkwjR6i+eUJoczurAQCfKjSeG6k=
zgo.at/ztpl v0.0.0-20250628022642-3b2c314e8e05/go.mod h1:p1QiGvNPY5YJ3DAXzZtgAga+SG+19Ycr+TLzvGo2xZo=
zgo.at/zvalidate v0.0.0-20250622183046-6812c1c79e1a h1:FZp1uH/MXWApT9dQ09x8d2dAnITcyJ9bgbxYVzEjgyU=
zgo.at/zvalidate v0.0.0-20250622183046-6812c1c79e1a/go.mod h1:G57wdSfSAU5yckkFJW81QGmbWQDtli6eIKYC8gqjHsY=
